
Microsoft Visual Studio Solution File, Format Version 12.00
# Visual Studio Version 17
VisualStudioVersion = 17.11.35312.102
MinimumVisualStudioVersion = 10.0.40219.1
Project("{FAE04EC0-301F-11D3-BF4B-00C04F79EFBC}") = "spreadsheetApp", "spreadsheetApp.csproj", "{5534B0D9-1CFC-469A-86E6-134741D2EF22}"
EndProject
Global
	GlobalSection(SolutionConfigurationPlatforms) = preSolution
		Debug|Any CPU = Debug|Any CPU
		Release|Any CPU = Release|Any CPU
	EndGlobalSection
	GlobalSection(ProjectConfigurationPlatforms) = postSolution
		{5534B0D9-1CFC-469A-86E6-134741D2EF22}.Debug|Any CPU.ActiveCfg = Debug|Any CPU
		{5534B0D9-1CFC-469A-86E6-134741D2EF22}.Debug|Any CPU.Build.0 = Debug|Any CPU
		{5534B0D9-1CFC-469A-86E6-134741D2EF22}.Release|Any CPU.ActiveCfg = Release|Any CPU
		{5534B0D9-1CFC-469A-86E6-134741D2EF22}.Release|Any CPU.Build.0 = Release|Any CPU
	EndGlobalSection
	GlobalSection(SolutionProperties) = preSolution
		HideSolutionNode = FALSE
	EndGlobalSection
	GlobalSection(ExtensibilityGlobals) = postSolution
		SolutionGuid = {902FF00F-3F3A-411D-A99F-135E4211D92E}
	EndGlobalSection
EndGlobal
